schema: '2.0'
stages:
  check-conda-env:
    cmd: calkit check-conda-env -f environment.yml
    deps:
    - path: environment.yml
      hash: md5
      md5: 4d0a61241738fcca65cd61a0ed3e24ad
      size: 240
    outs:
    - path: environment-lock.yml
      hash: md5
      md5: 6d5665fc1daf518d9ac9b5916454e894
      size: 6657
  plot-mean-cont-quiv:
    cmd: calkit runenv python plot.py all_meancontquiv --save --no-show
    deps:
    - path: environment-lock.yml
      hash: md5
      md5: 42392e6591d20aa26b76a6c6667d4eb8
      size: 4336
    - path: plot.py
      hash: md5
      md5: df486a0cbe5fb394578d8b1319047c68
      size: 3791
    - path: pyrvatrd/plotting.py
      hash: md5
      md5: cc4f96514a7ef3e251b31c3d6eb3a4bb
      size: 50684
    - path: pyrvatrd/processing.py
      hash: md5
      md5: feb7acec8fba4e9dd41f97aeb2d483ab
      size: 37309
    outs:
    - path: figures/meancontquiv_04.pdf
      hash: md5
      md5: 360e68787620964901054f7c3484f5c7
      size: 44948
    - path: figures/meancontquiv_06.pdf
      hash: md5
      md5: 8adb61dcc48ccf3128df72ac29683f03
      size: 44776
    - path: figures/meancontquiv_08.pdf
      hash: md5
      md5: 8423cae52619d69f2d1b7816e3b17cbf
      size: 45203
    - path: figures/meancontquiv_10.pdf
      hash: md5
      md5: 322efc3022a9953dc559132fb90a2c87
      size: 45245
    - path: figures/meancontquiv_12.pdf
      hash: md5
      md5: e1a40ec1570d5c088e707c85ff8f41be
      size: 45192
  install-rvat-re-dep:
    cmd: calkit runenv pip install -q -e ./rvat-re-dep
  run-sim:
    cmd: calkit runenv python scripts/run-sim.py
    deps:
    - path: environment-lock.yml
      hash: md5
      md5: 6d5665fc1daf518d9ac9b5916454e894
      size: 6657
    - path: scripts/run-sim.py
      hash: md5
      md5: c6399689ffd809b3e0a72bd5372ace5f
      size: 290
    outs:
    - path: results/simulation.csv
      hash: md5
      md5: b5585d0a35afc3e336c9490da99cf441
      size: 61
  plot-cp:
    cmd: calkit runenv -n reuse-rvat-re-dep -- python ".calkit/notebook-stages/plot-cp/script.py"
    deps:
    - path: .calkit/notebook-stages/plot-cp/script.py
      hash: md5
      md5: 0ca2bb84d4b46f492b8ecea9749682a9
      size: 554
    - path: results/simulation.csv
      hash: md5
      md5: b5585d0a35afc3e336c9490da99cf441
      size: 61
    outs:
    - path: .calkit/notebook-stages/plot-cp/outs/fig.pickle
      hash: md5
      md5: 5046b47eeb98d245cf1a2168ba077d2b
      size: 131888
    - path: figures/cp.png
      hash: md5
      md5: a85cbc4a87b50fb9ae3785db57e7eea6
      size: 29218
