schema: '2.0'
stages:
  check-conda-env:
    cmd: calkit check-conda-env -f environment.yml
    deps:
    - path: environment.yml
      hash: md5
      md5: a86a961028f12f72c227a21b91dc3ddc
      size: 200
    outs:
    - path: environment-lock.yml
      hash: md5
      md5: 659817b3246476a727167b95b10f7d50
      size: 4306
  plot-mean-cont-quiv:
    cmd: calkit runenv python plot.py all_meancontquiv --save --no-show
    deps:
    - path: environment-lock.yml
      hash: md5
      md5: 659817b3246476a727167b95b10f7d50
      size: 4306
    - path: plot.py
      hash: md5
      md5: df486a0cbe5fb394578d8b1319047c68
      size: 3791
    - path: pyrvatrd/plotting.py
      hash: md5
      md5: 24f22737ca12c98af26c13ec37eba0d6
      size: 50583
    - path: pyrvatrd/processing.py
      hash: md5
      md5: 2a6bcf7c52e7b104d093dbc72e10387a
      size: 36608
    outs:
    - path: figures/meancontquiv_04.pdf
      hash: md5
      md5: 80c6ba98265c63a428fc663ea6b6ef8d
      size: 44948
    - path: figures/meancontquiv_06.pdf
      hash: md5
      md5: f137fd2f73245993f8e64fa1f7d1c820
      size: 44776
    - path: figures/meancontquiv_08.pdf
      hash: md5
      md5: b1d3645093812e6d0ec512adb927685e
      size: 45203
    - path: figures/meancontquiv_10.pdf
      hash: md5
      md5: 26f1945d565d2007594419955a314afe
      size: 45245
    - path: figures/meancontquiv_12.pdf
      hash: md5
      md5: 7a1fb9826d8b2a4b1c56c22b21bdc6c2
      size: 45192
