schema: '2.0'
stages:
  check-conda-env:
    cmd: calkit check-conda-env -f environment.yml
    deps:
    - path: environment.yml
      hash: md5
      md5: 77dfc57b8ab2f30730ae4aeba2c0ce38
      size: 102
    outs:
    - path: environment-lock.yml
      hash: md5
      md5: 3e49029fe35404a15d510b477e320154
      size: 3943
